
Microsoft Visual Studio Solution File, Format Version 12.00
# Visual Studio Version 17
VisualStudioVersion = 17.4.33110.190
MinimumVisualStudioVersion = 10.0.40219.1
Project("{FAE04EC0-301F-11D3-BF4B-00C04F79EFBC}") = "IoTControl", "IoTControl.csproj", "{59CAB9A6-C577-4191-A938-9544495A4EB5}"
EndProject
Global
	GlobalSection(SolutionConfigurationPlatforms) = preSolution
		Debug|Any CPU = Debug|Any CPU
		Release|Any CPU = Release|Any CPU
	EndGlobalSection
	GlobalSection(ProjectConfigurationPlatforms) = postSolution
		{59CAB9A6-C577-4191-A938-9544495A4EB5}.Debug|Any CPU.ActiveCfg = Debug|Any CPU
		{59CAB9A6-C577-4191-A938-9544495A4EB5}.Debug|Any CPU.Build.0 = Debug|Any CPU
		{59CAB9A6-C577-4191-A938-9544495A4EB5}.Release|Any CPU.ActiveCfg = Release|Any CPU
		{59CAB9A6-C577-4191-A938-9544495A4EB5}.Release|Any CPU.Build.0 = Release|Any CPU
	EndGlobalSection
	GlobalSection(SolutionProperties) = preSolution
		HideSolutionNode = FALSE
	EndGlobalSection
	GlobalSection(ExtensibilityGlobals) = postSolution
		SolutionGuid = {DB74D36A-DB92-4783-BA9D-49A9CA5FD652}
	EndGlobalSection
EndGlobal
